# This file is autogenerated, do not edit; changes may be undone by the next 'dep ensure'.


[[projects]]
  digest = "1:1f97a27bc40b073752d15ee0ff6ed73b8ef42db4798ccd2bfd2c0cc638b74862"
  name = "github.com/nginxinc/nginx-plus-go-sdk"
  packages = ["client"]
  pruneopts = "UT"
  revision = "3b3fe2931299496cbf57053486ff5a1b788d1f7f"
  version = "v0.4.0"

[[projects]]
  branch = "v2"
  digest = "1:20843c004324e465a3b1ddff3c72b0459ef1fce63b7cb6bbb25bb4353dca4af9"
  name = "gopkg.in/ns1/ns1-go.v2"
  packages = [
    "rest",
    "rest/model/account",
    "rest/model/data",
    "rest/model/dns",
    "rest/model/filter",
    "rest/model/monitor",
  ]
  pruneopts = "UT"
  revision = "b51389932cbc56d26b51ecfc4fd82bd929f3db39"

[[projects]]
  digest = "1:4d2e5a73dc1500038e504a8d78b986630e3626dc027bc030ba5c75da257cdb96"
  name = "gopkg.in/yaml.v2"
  packages = ["."]
  pruneopts = "UT"
  revision = "51d6538a90f86fe93ac480b35f37b2be17fef232"
  version = "v2.2.2"

[solve-meta]
  analyzer-name = "dep"
  analyzer-version = 1
  input-imports = [
    "github.com/nginxinc/nginx-plus-go-sdk/client",
    "gopkg.in/ns1/ns1-go.v2/rest",
    "gopkg.in/yaml.v2",
  ]
  solver-name = "gps-cdcl"
  solver-version = 1
